// !$*UTF8*$!
{
	archiveVersion = 1;
	classes = {
	};
	objectVersion = 46;
	objects = {

/* Begin PBXBuildFile section */
		22199B201E5165AA0010E3FD /* RootViewController.m in Sources */ = {isa = PBXBuildFile; fileRef = 22199B1E1E5165AA0010E3FD /* RootViewController.m */; };
		222C1C231ED2D175000C1706 /* RGBtransHSV.cpp in Sources */ = {isa = PBXBuildFile; fileRef = 222C1C221ED2D175000C1706 /* RGBtransHSV.cpp */; };
		22530D641F219DDF008FE9DD /* startViewController.m in Sources */ = {isa = PBXBuildFile; fileRef = 22530D621F219DDF008FE9DD /* startViewController.m */; };
		22530D6D1F21B2A4008FE9DD /* webViewController1.m in Sources */ = {isa = PBXBuildFile; fileRef = 22530D6C1F21B2A4008FE9DD /* webViewController1.m */; };
		22C191681EB84F4D00E419DE /* 1.png in Resources */ = {isa = PBXBuildFile; fileRef = 22C191671EB84F4D00E419DE /* 1.png */; };
		22C3483F1F0F5CA70091D641 /* Images.xcassets in Resources */ = {isa = PBXBuildFile; fileRef = 22C3483E1F0F5CA70091D641 /* Images.xcassets */; };
		24134E7D184C28890062A115 /* QuartzCore.framework in Frameworks */ = {isa = PBXBuildFile; fileRef = 24134E7C184C28890062A115 /* QuartzCore.framework */; };
		24134E7F184C28950062A115 /* CoreMedia.framework in Frameworks */ = {isa = PBXBuildFile; fileRef = 24134E7E184C28950062A115 /* CoreMedia.framework */; };
		24134E81184C289D0062A115 /* CoreVideo.framework in Frameworks */ = {isa = PBXBuildFile; fileRef = 24134E80184C289D0062A115 /* CoreVideo.framework */; };
		2427665C184869F900B2E158 /* Foundation.framework in Frameworks */ = {isa = PBXBuildFile; fileRef = 2427665B184869F900B2E158 /* Foundation.framework */; };
		2427665E184869F900B2E158 /* CoreGraphics.framework in Frameworks */ = {isa = PBXBuildFile; fileRef = 2427665D184869F900B2E158 /* CoreGraphics.framework */; };
		24276660184869F900B2E158 /* UIKit.framework in Frameworks */ = {isa = PBXBuildFile; fileRef = 2427665F184869F900B2E158 /* UIKit.framework */; };
		24276666184869F900B2E158 /* InfoPlist.strings in Resources */ = {isa = PBXBuildFile; fileRef = 24276664184869F900B2E158 /* InfoPlist.strings */; };
		24276668184869F900B2E158 /* main.m in Sources */ = {isa = PBXBuildFile; fileRef = 24276667184869F900B2E158 /* main.m */; };
		2427666C184869F900B2E158 /* AppDelegate.m in Sources */ = {isa = PBXBuildFile; fileRef = 2427666B184869F900B2E158 /* AppDelegate.m */; };
		24276676184869F900B2E158 /* Foundation.framework in Frameworks */ = {isa = PBXBuildFile; fileRef = 2427665B184869F900B2E158 /* Foundation.framework */; };
		24276677184869F900B2E158 /* UIKit.framework in Frameworks */ = {isa = PBXBuildFile; fileRef = 2427665F184869F900B2E158 /* UIKit.framework */; };
		2427668E18486A3C00B2E158 /* AVFoundation.framework in Frameworks */ = {isa = PBXBuildFile; fileRef = 2427668D18486A3C00B2E158 /* AVFoundation.framework */; };
		2489438518489614009BFAC3 /* pic.png in Resources */ = {isa = PBXBuildFile; fileRef = 2489438318489614009BFAC3 /* pic.png */; };
		8F1A9F82195FC3B6005BB65D /* AudioToolbox.framework in Frameworks */ = {isa = PBXBuildFile; fileRef = 8F1A9F81195FC3B6005BB65D /* AudioToolbox.framework */; };
		8F1A9F86195FDD74005BB65D /* pick_bg.png in Resources */ = {isa = PBXBuildFile; fileRef = 8F1A9F85195FDD74005BB65D /* pick_bg.png */; };
		8F375A871AEBD02F000B6908 /* SystemConfiguration.framework in Frameworks */ = {isa = PBXBuildFile; fileRef = 8F375A861AEBD02F000B6908 /* SystemConfiguration.framework */; };
		8FDA79421AEA86D2007BE671 /* AssetsLibrary.framework in Frameworks */ = {isa = PBXBuildFile; fileRef = 8FDA79411AEA86D2007BE671 /* AssetsLibrary.framework */; };
		B627749C1F4D75F100DF2028 /* libc++.1.tbd in Frameworks */ = {isa = PBXBuildFile; fileRef = B62774981F4D75F100DF2028 /* libc++.1.tbd */; };
		B627749D1F4D75F100DF2028 /* libc++.tbd in Frameworks */ = {isa = PBXBuildFile; fileRef = B62774991F4D75F100DF2028 /* libc++.tbd */; };
		B627749E1F4D75F100DF2028 /* libc++abi.tbd in Frameworks */ = {isa = PBXBuildFile; fileRef = B627749A1F4D75F100DF2028 /* libc++abi.tbd */; };
		B627749F1F4D75F100DF2028 /* libc.tbd in Frameworks */ = {isa = PBXBuildFile; fileRef = B627749B1F4D75F100DF2028 /* libc.tbd */; };
		B62774A11F4D75FB00DF2028 /* libSystem.tbd in Frameworks */ = {isa = PBXBuildFile; fileRef = B62774A01F4D75FB00DF2028 /* libSystem.tbd */; };
		B69A98821F506EED00A3565D /* baseViewController.m in Sources */ = {isa = PBXBuildFile; fileRef = B69A98811F506EED00A3565D /* baseViewController.m */; };
		B69AE8E11F3041D800677329 /* opencv2.framework in Frameworks */ = {isa = PBXBuildFile; fileRef = B69AE8E01F3041D800677329 /* opencv2.framework */; };
		B6A6B5301F48014F00CCA346 /* Localizable.strings in Resources */ = {isa = PBXBuildFile; fileRef = B6A6B5321F48014F00CCA346 /* Localizable.strings */; };
		B6FB91B11F4C060F0017E4FD /* lab.jpg in Resources */ = {isa = PBXBuildFile; fileRef = B6FB91B01F4C060F0017E4FD /* lab.jpg */; };
		B6FB91B21F4C11A40017E4FD /* 0@3x.jpg in Resources */ = {isa = PBXBuildFile; fileRef = B67BE1351F49915E00451CED /* 0@3x.jpg */; };
		B6FB91B31F4C11A40017E4FD /* 0@2x.jpg in Resources */ = {isa = PBXBuildFile; fileRef = B67BE1361F49915E00451CED /* 0@2x.jpg */; };
/* End PBXBuildFile section */

/* Begin PBXContainerItemProxy section */
		24276678184869F900B2E158 /* PBXContainerItemProxy */ = {
			isa = PBXContainerItemProxy;
			containerPortal = 24276650184869F900B2E158 /* Project object */;
			proxyType = 1;
			remoteGlobalIDString = 24276657184869F900B2E158;
			remoteInfo = NewProject;
		};
/* End PBXContainerItemProxy section */

/* Begin PBXFileReference section */
		22199B1D1E5165AA0010E3FD /* RootViewController.h */ = {isa = PBXFileReference; fileEncoding = 4; lastKnownFileType = sourcecode.c.h; path = RootViewController.h; sourceTree = "<group>"; };
		22199B1E1E5165AA0010E3FD /* RootViewController.m */ = {isa = PBXFileReference; fileEncoding = 4; lastKnownFileType = sourcecode.c.objc; path = RootViewController.m; sourceTree = "<group>"; };
		222C1C211ED2D175000C1706 /* RGBtransHSV.h */ = {isa = PBXFileReference; fileEncoding = 4; lastKnownFileType = sourcecode.c.h; path = RGBtransHSV.h; sourceTree = "<group>"; };
		222C1C221ED2D175000C1706 /* RGBtransHSV.cpp */ = {isa = PBXFileReference; fileEncoding = 4; lastKnownFileType = sourcecode.cpp.cpp; path = RGBtransHSV.cpp; sourceTree = "<group>"; };
		22530D611F219DDF008FE9DD /* startViewController.h */ = {isa = PBXFileReference; lastKnownFileType = sourcecode.c.h; path = startViewController.h; sourceTree = "<group>"; };
		22530D621F219DDF008FE9DD /* startViewController.m */ = {isa = PBXFileReference; lastKnownFileType = sourcecode.c.objc; path = startViewController.m; sourceTree = "<group>"; };
		22530D6B1F21B2A4008FE9DD /* webViewController1.h */ = {isa = PBXFileReference; lastKnownFileType = sourcecode.c.h; path = webViewController1.h; sourceTree = "<group>"; };
		22530D6C1F21B2A4008FE9DD /* webViewController1.m */ = {isa = PBXFileReference; lastKnownFileType = sourcecode.c.objc; path = webViewController1.m; sourceTree = "<group>"; };
		22C191671EB84F4D00E419DE /* 1.png */ = {isa = PBXFileReference; lastKnownFileType = image.png; path = 1.png; sourceTree = "<group>"; };
		22C3483E1F0F5CA70091D641 /* Images.xcassets */ = {isa = PBXFileReference; lastKnownFileType = folder.assetcatalog; path = Images.xcassets; sourceTree = SOURCE_ROOT; };
		24134E7C184C28890062A115 /* QuartzCore.framework */ = {isa = PBXFileReference; lastKnownFileType = wrapper.framework; name = QuartzCore.framework; path = System/Library/Frameworks/QuartzCore.framework; sourceTree = SDKROOT; };
		24134E7E184C28950062A115 /* CoreMedia.framework */ = {isa = PBXFileReference; lastKnownFileType = wrapper.framework; name = CoreMedia.framework; path = System/Library/Frameworks/CoreMedia.framework; sourceTree = SDKROOT; };
		24134E80184C289D0062A115 /* CoreVideo.framework */ = {isa = PBXFileReference; lastKnownFileType = wrapper.framework; name = CoreVideo.framework; path = System/Library/Frameworks/CoreVideo.framework; sourceTree = SDKROOT; };
		24276658184869F900B2E158 /* imgword.app */ = {isa = PBXFileReference; explicitFileType = wrapper.application; includeInIndex = 0; path = imgword.app; sourceTree = BUILT_PRODUCTS_DIR; };
		2427665B184869F900B2E158 /* Foundation.framework */ = {isa = PBXFileReference; lastKnownFileType = wrapper.framework; name = Foundation.framework; path = System/Library/Frameworks/Foundation.framework; sourceTree = SDKROOT; };
		2427665D184869F900B2E158 /* CoreGraphics.framework */ = {isa = PBXFileReference; lastKnownFileType = wrapper.framework; name = CoreGraphics.framework; path = System/Library/Frameworks/CoreGraphics.framework; sourceTree = SDKROOT; };
		2427665F184869F900B2E158 /* UIKit.framework */ = {isa = PBXFileReference; lastKnownFileType = wrapper.framework; name = UIKit.framework; path = System/Library/Frameworks/UIKit.framework; sourceTree = SDKROOT; };
		24276663184869F900B2E158 /* imgword-Info.plist */ = {isa = PBXFileReference; lastKnownFileType = text.plist.xml; path = "imgword-Info.plist"; sourceTree = "<group>"; };
		24276665184869F900B2E158 /* en */ = {isa = PBXFileReference; lastKnownFileType = text.plist.strings; name = en; path = en.lproj/InfoPlist.strings; sourceTree = "<group>"; };
		24276667184869F900B2E158 /* main.m */ = {isa = PBXFileReference; lastKnownFileType = sourcecode.c.objc; path = main.m; sourceTree = "<group>"; };
		24276669184869F900B2E158 /* imgword-Prefix.pch */ = {isa = PBXFileReference; lastKnownFileType = sourcecode.c.h; path = "imgword-Prefix.pch"; sourceTree = "<group>"; };
		2427666A184869F900B2E158 /* AppDelegate.h */ = {isa = PBXFileReference; lastKnownFileType = sourcecode.c.h; path = AppDelegate.h; sourceTree = "<group>"; };
		2427666B184869F900B2E158 /* AppDelegate.m */ = {isa = PBXFileReference; lastKnownFileType = sourcecode.c.objc; path = AppDelegate.m; sourceTree = "<group>"; };
		24276673184869F900B2E158 /* imgwordTests.xctest */ = {isa = PBXFileReference; explicitFileType = wrapper.cfbundle; includeInIndex = 0; path = imgwordTests.xctest; sourceTree = BUILT_PRODUCTS_DIR; };
		2427668D18486A3C00B2E158 /* AVFoundation.framework */ = {isa = PBXFileReference; lastKnownFileType = wrapper.framework; name = AVFoundation.framework; path = System/Library/Frameworks/AVFoundation.framework; sourceTree = SDKROOT; };
		2489438318489614009BFAC3 /* pic.png */ = {isa = PBXFileReference; lastKnownFileType = image.png; path = pic.png; sourceTree = "<group>"; };
		8F1A9F81195FC3B6005BB65D /* AudioToolbox.framework */ = {isa = PBXFileReference; lastKnownFileType = wrapper.framework; name = AudioToolbox.framework; path = System/Library/Frameworks/AudioToolbox.framework; sourceTree = SDKROOT; };
		8F1A9F85195FDD74005BB65D /* pick_bg.png */ = {isa = PBXFileReference; lastKnownFileType = image.png; path = pick_bg.png; sourceTree = "<group>"; };
		8F375A861AEBD02F000B6908 /* SystemConfiguration.framework */ = {isa = PBXFileReference; lastKnownFileType = wrapper.framework; name = SystemConfiguration.framework; path = System/Library/Frameworks/SystemConfiguration.framework; sourceTree = SDKROOT; };
		8F48E236195B02C2003FBA9C /* zh-Hans */ = {isa = PBXFileReference; lastKnownFileType = text.plist.strings; name = "zh-Hans"; path = "zh-Hans.lproj/InfoPlist.strings"; sourceTree = "<group>"; };
		8FDA79411AEA86D2007BE671 /* AssetsLibrary.framework */ = {isa = PBXFileReference; lastKnownFileType = wrapper.framework; name = AssetsLibrary.framework; path = System/Library/Frameworks/AssetsLibrary.framework; sourceTree = SDKROOT; };
		B62774981F4D75F100DF2028 /* libc++.1.tbd */ = {isa = PBXFileReference; lastKnownFileType = "sourcecode.text-based-dylib-definition"; name = "libc++.1.tbd"; path = "usr/lib/libc++.1.tbd"; sourceTree = SDKROOT; };
		B62774991F4D75F100DF2028 /* libc++.tbd */ = {isa = PBXFileReference; lastKnownFileType = "sourcecode.text-based-dylib-definition"; name = "libc++.tbd"; path = "usr/lib/libc++.tbd"; sourceTree = SDKROOT; };
		B627749A1F4D75F100DF2028 /* libc++abi.tbd */ = {isa = PBXFileReference; lastKnownFileType = "sourcecode.text-based-dylib-definition"; name = "libc++abi.tbd"; path = "usr/lib/libc++abi.tbd"; sourceTree = SDKROOT; };
		B627749B1F4D75F100DF2028 /* libc.tbd */ = {isa = PBXFileReference; lastKnownFileType = "sourcecode.text-based-dylib-definition"; name = libc.tbd; path = usr/lib/libc.tbd; sourceTree = SDKROOT; };
		B62774A01F4D75FB00DF2028 /* libSystem.tbd */ = {isa = PBXFileReference; lastKnownFileType = "sourcecode.text-based-dylib-definition"; name = libSystem.tbd; path = usr/lib/libSystem.tbd; sourceTree = SDKROOT; };
		B67BE1351F49915E00451CED /* 0@3x.jpg */ = {isa = PBXFileReference; lastKnownFileType = image.jpeg; path = "0@3x.jpg"; sourceTree = "<group>"; };
		B67BE1361F49915E00451CED /* 0@2x.jpg */ = {isa = PBXFileReference; lastKnownFileType = image.jpeg; path = "0@2x.jpg"; sourceTree = "<group>"; };
		B69A98801F506EED00A3565D /* baseViewController.h */ = {isa = PBXFileReference; fileEncoding = 4; lastKnownFileType = sourcecode.c.h; path = baseViewController.h; sourceTree = "<group>"; };
		B69A98811F506EED00A3565D /* baseViewController.m */ = {isa = PBXFileReference; fileEncoding = 4; lastKnownFileType = sourcecode.c.objc; path = baseViewController.m; sourceTree = "<group>"; };
		B69AE8E01F3041D800677329 /* opencv2.framework */ = {isa = PBXFileReference; lastKnownFileType = wrapper.framework; name = opencv2.framework; path = NewProject/opencv2.framework; sourceTree = "<group>"; };
		B6A6B5311F48014F00CCA346 /* en */ = {isa = PBXFileReference; lastKnownFileType = text.plist.strings; name = en; path = en.lproj/Localizable.strings; sourceTree = "<group>"; };
		B6A6B5331F48016E00CCA346 /* zh-Hans */ = {isa = PBXFileReference; lastKnownFileType = text.plist.strings; name = "zh-Hans"; path = "zh-Hans.lproj/Localizable.strings"; sourceTree = "<group>"; };
		B6FB91B01F4C060F0017E4FD /* lab.jpg */ = {isa = PBXFileReference; lastKnownFileType = image.jpeg; path = lab.jpg; sourceTree = "<group>"; };
/* End PBXFileReference section */

/* Begin PBXFrameworksBuildPhase section */
		24276655184869F900B2E158 /* Frameworks */ = {
			isa = PBXFrameworksBuildPhase;
			buildActionMask = 2147483647;
			files = (
				B62774A11F4D75FB00DF2028 /* libSystem.tbd in Frameworks */,
				B627749C1F4D75F100DF2028 /* libc++.1.tbd in Frameworks */,
				B627749D1F4D75F100DF2028 /* libc++.tbd in Frameworks */,
				B627749E1F4D75F100DF2028 /* libc++abi.tbd in Frameworks */,
				B627749F1F4D75F100DF2028 /* libc.tbd in Frameworks */,
				8F375A871AEBD02F000B6908 /* SystemConfiguration.framework in Frameworks */,
				8FDA79421AEA86D2007BE671 /* AssetsLibrary.framework in Frameworks */,
				8F1A9F82195FC3B6005BB65D /* AudioToolbox.framework in Frameworks */,
				24134E81184C289D0062A115 /* CoreVideo.framework in Frameworks */,
				24134E7F184C28950062A115 /* CoreMedia.framework in Frameworks */,
				2427668E18486A3C00B2E158 /* AVFoundation.framework in Frameworks */,
				24134E7D184C28890062A115 /* QuartzCore.framework in Frameworks */,
				2427665E184869F900B2E158 /* CoreGraphics.framework in Frameworks */,
				24276660184869F900B2E158 /* UIKit.framework in Frameworks */,
				2427665C184869F900B2E158 /* Foundation.framework in Frameworks */,
				B69AE8E11F3041D800677329 /* opencv2.framework in Frameworks */,
			);
			runOnlyForDeploymentPostprocessing = 0;
		};
		24276670184869F900B2E158 /* Frameworks */ = {
			isa = PBXFrameworksBuildPhase;
			buildActionMask = 2147483647;
			files = (
				24276677184869F900B2E158 /* UIKit.framework in Frameworks */,
				24276676184869F900B2E158 /* Foundation.framework in Frameworks */,
			);
			runOnlyForDeploymentPostprocessing = 0;
		};
/* End PBXFrameworksBuildPhase section */

/* Begin PBXGroup section */
		2427664F184869F900B2E158 = {
			isa = PBXGroup;
			children = (
				8F243257195EFD4300AFE352 /* resource */,
				24276661184869F900B2E158 /* SourceCode */,
				2427665A184869F900B2E158 /* Frameworks */,
				24276659184869F900B2E158 /* Products */,
			);
			sourceTree = "<group>";
		};
		24276659184869F900B2E158 /* Products */ = {
			isa = PBXGroup;
			children = (
				24276658184869F900B2E158 /* imgword.app */,
				24276673184869F900B2E158 /* imgwordTests.xctest */,
			);
			name = Products;
			sourceTree = "<group>";
		};
		2427665A184869F900B2E158 /* Frameworks */ = {
			isa = PBXGroup;
			children = (
				B62774A01F4D75FB00DF2028 /* libSystem.tbd */,
				B62774981F4D75F100DF2028 /* libc++.1.tbd */,
				B62774991F4D75F100DF2028 /* libc++.tbd */,
				B627749A1F4D75F100DF2028 /* libc++abi.tbd */,
				B627749B1F4D75F100DF2028 /* libc.tbd */,
				B69AE8E01F3041D800677329 /* opencv2.framework */,
				8F375A861AEBD02F000B6908 /* SystemConfiguration.framework */,
				8FDA79411AEA86D2007BE671 /* AssetsLibrary.framework */,
				8F1A9F81195FC3B6005BB65D /* AudioToolbox.framework */,
				24134E80184C289D0062A115 /* CoreVideo.framework */,
				24134E7E184C28950062A115 /* CoreMedia.framework */,
				24134E7C184C28890062A115 /* QuartzCore.framework */,
				2427668D18486A3C00B2E158 /* AVFoundation.framework */,
				2427665B184869F900B2E158 /* Foundation.framework */,
				2427665D184869F900B2E158 /* CoreGraphics.framework */,
				2427665F184869F900B2E158 /* UIKit.framework */,
			);
			name = Frameworks;
			sourceTree = "<group>";
		};
		24276661184869F900B2E158 /* SourceCode */ = {
			isa = PBXGroup;
			children = (
				2427666A184869F900B2E158 /* AppDelegate.h */,
				2427666B184869F900B2E158 /* AppDelegate.m */,
				B69A98801F506EED00A3565D /* baseViewController.h */,
				B69A98811F506EED00A3565D /* baseViewController.m */,
				22530D611F219DDF008FE9DD /* startViewController.h */,
				22530D621F219DDF008FE9DD /* startViewController.m */,
				22530D6B1F21B2A4008FE9DD /* webViewController1.h */,
				22530D6C1F21B2A4008FE9DD /* webViewController1.m */,
				22199B1D1E5165AA0010E3FD /* RootViewController.h */,
				22199B1E1E5165AA0010E3FD /* RootViewController.m */,
				22C3483E1F0F5CA70091D641 /* Images.xcassets */,
				24276662184869F900B2E158 /* Supporting Files */,
			);
			name = SourceCode;
			path = NewProject;
			sourceTree = "<group>";
		};
		24276662184869F900B2E158 /* Supporting Files */ = {
			isa = PBXGroup;
			children = (
				B6A6B5321F48014F00CCA346 /* Localizable.strings */,
				24276663184869F900B2E158 /* imgword-Info.plist */,
				24276664184869F900B2E158 /* InfoPlist.strings */,
				24276667184869F900B2E158 /* main.m */,
				24276669184869F900B2E158 /* imgword-Prefix.pch */,
			);
			name = "Supporting Files";
			sourceTree = "<group>";
		};
		8F243257195EFD4300AFE352 /* resource */ = {
			isa = PBXGroup;
			children = (
				222C1C211ED2D175000C1706 /* RGBtransHSV.h */,
				222C1C221ED2D175000C1706 /* RGBtransHSV.cpp */,
				B6FB91B01F4C060F0017E4FD /* lab.jpg */,
				B67BE1351F49915E00451CED /* 0@3x.jpg */,
				B67BE1361F49915E00451CED /* 0@2x.jpg */,
				8F1A9F85195FDD74005BB65D /* pick_bg.png */,
				22C191671EB84F4D00E419DE /* 1.png */,
				2489438318489614009BFAC3 /* pic.png */,
			);
			name = resource;
			sourceTree = "<group>";
		};
/* End PBXGroup section */

/* Begin PBXNativeTarget section */
		24276657184869F900B2E158 /* imgword */ = {
			isa = PBXNativeTarget;
			buildConfigurationList = 24276684184869F900B2E158 /* Build configuration list for PBXNativeTarget "imgword" */;
			buildPhases = (
				24276654184869F900B2E158 /* Sources */,
				24276655184869F900B2E158 /* Frameworks */,
				24276656184869F900B2E158 /* Resources */,
			);
			buildRules = (
			);
			dependencies = (
			);
			name = imgword;
			productName = NewProject;
			productReference = 24276658184869F900B2E158 /* imgword.app */;
			productType = "com.apple.product-type.application";
		};
		24276672184869F900B2E158 /* imgwordTests */ = {
			isa = PBXNativeTarget;
			buildConfigurationList = 24276687184869F900B2E158 /* Build configuration list for PBXNativeTarget "imgwordTests" */;
			buildPhases = (
				2427666F184869F900B2E158 /* Sources */,
				24276670184869F900B2E158 /* Frameworks */,
				24276671184869F900B2E158 /* Resources */,
			);
			buildRules = (
			);
			dependencies = (
				24276679184869F900B2E158 /* PBXTargetDependency */,
			);
			name = imgwordTests;
			productName = NewProjectTests;
			productReference = 24276673184869F900B2E158 /* imgwordTests.xctest */;
			productType = "com.apple.product-type.bundle.unit-test";
		};
/* End PBXNativeTarget section */

/* Begin PBXProject section */
		24276650184869F900B2E158 /* Project object */ = {
			isa = PBXProject;
			attributes = {
				LastUpgradeCheck = 0500;
				ORGANIZATIONNAME = Steven;
				TargetAttributes = {
					24276657184869F900B2E158 = {
						DevelopmentTeam = YPHLALAPT8;
						ProvisioningStyle = Manual;
					};
					24276672184869F900B2E158 = {
						DevelopmentTeam = YPHLALAPT8;
						ProvisioningStyle = Automatic;
						TestTargetID = 24276657184869F900B2E158;
					};
				};
			};
			buildConfigurationList = 24276653184869F900B2E158 /* Build configuration list for PBXProject "imgword" */;
			compatibilityVersion = "Xcode 3.2";
			developmentRegion = English;
			hasScannedForEncodings = 0;
			knownRegions = (
				en,
				"zh-Hans",
			);
			mainGroup = 2427664F184869F900B2E158;
			productRefGroup = 24276659184869F900B2E158 /* Products */;
			projectDirPath = "";
			projectRoot = "";
			targets = (
				24276657184869F900B2E158 /* imgword */,
				24276672184869F900B2E158 /* imgwordTests */,
			);
		};
/* End PBXProject section */

/* Begin PBXResourcesBuildPhase section */
		24276656184869F900B2E158 /* Resources */ = {
			isa = PBXResourcesBuildPhase;
			buildActionMask = 2147483647;
			files = (
				B6FB91B21F4C11A40017E4FD /* 0@3x.jpg in Resources */,
				B6FB91B31F4C11A40017E4FD /* 0@2x.jpg in Resources */,
				22C3483F1F0F5CA70091D641 /* Images.xcassets in Resources */,
				24276666184869F900B2E158 /* InfoPlist.strings in Resources */,
				B6A6B5301F48014F00CCA346 /* Localizable.strings in Resources */,
				2489438518489614009BFAC3 /* pic.png in Resources */,
				8F1A9F86195FDD74005BB65D /* pick_bg.png in Resources */,
				22C191681EB84F4D00E419DE /* 1.png in Resources */,
				B6FB91B11F4C060F0017E4FD /* lab.jpg in Resources */,
			);
			runOnlyForDeploymentPostprocessing = 0;
		};
		24276671184869F900B2E158 /* Resources */ = {
			isa = PBXResourcesBuildPhase;
			buildActionMask = 2147483647;
			files = (
			);
			runOnlyForDeploymentPostprocessing = 0;
		};
/* End PBXResourcesBuildPhase section */

/* Begin PBXSourcesBuildPhase section */
		24276654184869F900B2E158 /* Sources */ = {
			isa = PBXSourcesBuildPhase;
			buildActionMask = 2147483647;
			files = (
				222C1C231ED2D175000C1706 /* RGBtransHSV.cpp in Sources */,
				B69A98821F506EED00A3565D /* baseViewController.m in Sources */,
				22199B201E5165AA0010E3FD /* RootViewController.m in Sources */,
				2427666C184869F900B2E158 /* AppDelegate.m in Sources */,
				24276668184869F900B2E158 /* main.m in Sources */,
				22530D641F219DDF008FE9DD /* startViewController.m in Sources */,
				22530D6D1F21B2A4008FE9DD /* webViewController1.m in Sources */,
			);
			runOnlyForDeploymentPostprocessing = 0;
		};
		2427666F184869F900B2E158 /* Sources */ = {
			isa = PBXSourcesBuildPhase;
			buildActionMask = 2147483647;
			files = (
			);
			runOnlyForDeploymentPostprocessing = 0;
		};
/* End PBXSourcesBuildPhase section */

/* Begin PBXTargetDependency section */
		24276679184869F900B2E158 /* PBXTargetDependency */ = {
			isa = PBXTargetDependency;
			target = 24276657184869F900B2E158 /* imgword */;
			targetProxy = 24276678184869F900B2E158 /* PBXContainerItemProxy */;
		};
/* End PBXTargetDependency section */

/* Begin PBXVariantGroup section */
		24276664184869F900B2E158 /* InfoPlist.strings */ = {
			isa = PBXVariantGroup;
			children = (
				24276665184869F900B2E158 /* en */,
				8F48E236195B02C2003FBA9C /* zh-Hans */,
			);
			name = InfoPlist.strings;
			sourceTree = "<group>";
		};
		B6A6B5321F48014F00CCA346 /* Localizable.strings */ = {
			isa = PBXVariantGroup;
			children = (
				B6A6B5311F48014F00CCA346 /* en */,
				B6A6B5331F48016E00CCA346 /* zh-Hans */,
			);
			name = Localizable.strings;
			path = ..;
			sourceTree = "<group>";
		};
/* End PBXVariantGroup section */

/* Begin XCBuildConfiguration section */
		24276682184869F900B2E158 /* Debug */ = {
			isa = XCBuildConfiguration;
			buildSettings = {
				ALWAYS_SEARCH_USER_PATHS = NO;
				ARCHS = "$(ARCHS_STANDARD_INCLUDING_64_BIT)";
				CLANG_CXX_LANGUAGE_STANDARD = "gnu++0x";
				CLANG_CXX_LIBRARY = "libc++";
				CLANG_ENABLE_MODULES = YES;
				CLANG_ENABLE_OBJC_ARC = YES;
				CLANG_WARN_BOOL_CONVERSION = YES;
				CLANG_WARN_CONSTANT_CONVERSION = YES;
				CLANG_WARN_DIRECT_OBJC_ISA_USAGE = YES_ERROR;
				CLANG_WARN_EMPTY_BODY = YES;
				CLANG_WARN_ENUM_CONVERSION = YES;
				CLANG_WARN_INT_CONVERSION = YES;
				CLANG_WARN_OBJC_ROOT_CLASS = YES_ERROR;
				CLANG_WARN__DUPLICATE_METHOD_MATCH = YES;
				CODE_SIGN_IDENTITY = "iPhone Developer: jianfeng lu (6RS3N4HB99)";
				"CODE_SIGN_IDENTITY[sdk=iphoneos*]" = "iPhone Developer: jianfeng lu (6RS3N4HB99)";
				COPY_PHASE_STRIP = NO;
				"FRAMEWORK_SEARCH_PATHS[arch=*]" = "/Users/Jflu/Projects/iOS-OpenCV";
				GCC_C_LANGUAGE_STANDARD = gnu99;
				GCC_DYNAMIC_NO_PIC = NO;
				GCC_OPTIMIZATION_LEVEL = 0;
				GCC_PREPROCESSOR_DEFINITIONS = (
					"DEBUG=1",
					"$(inherited)",
				);
				GCC_SYMBOLS_PRIVATE_EXTERN = NO;
				GCC_WARN_64_TO_32_BIT_CONVERSION = YES;
				GCC_WARN_ABOUT_RETURN_TYPE = YES_ERROR;
				GCC_WARN_UNDECLARED_SELECTOR = YES;
				GCC_WARN_UNINITIALIZED_AUTOS = YES;
				GCC_WARN_UNUSED_FUNCTION = YES;
				GCC_WARN_UNUSED_VARIABLE = YES;
				IPHONEOS_DEPLOYMENT_TARGET = 9.0;
				ONLY_ACTIVE_ARCH = YES;
				SDKROOT = iphoneos;
				TARGETED_DEVICE_FAMILY = "1,2";
			};
			name = Debug;
		};
		24276683184869F900B2E158 /* Release */ = {
			isa = XCBuildConfiguration;
			buildSettings = {
				ALWAYS_SEARCH_USER_PATHS = NO;
				ARCHS = "$(ARCHS_STANDARD_INCLUDING_64_BIT)";
				CLANG_CXX_LANGUAGE_STANDARD = "gnu++0x";
				CLANG_CXX_LIBRARY = "libc++";
				CLANG_ENABLE_MODULES = YES;
				CLANG_ENABLE_OBJC_ARC = YES;
				CLANG_WARN_BOOL_CONVERSION = YES;
				CLANG_WARN_CONSTANT_CONVERSION = YES;
				CLANG_WARN_DIRECT_OBJC_ISA_USAGE = YES_ERROR;
				CLANG_WARN_EMPTY_BODY = YES;
				CLANG_WARN_ENUM_CONVERSION = YES;
				CLANG_WARN_INT_CONVERSION = YES;
				CLANG_WARN_OBJC_ROOT_CLASS = YES_ERROR;
				CLANG_WARN__DUPLICATE_METHOD_MATCH = YES;
				CODE_SIGN_IDENTITY = "iPhone Developer: jianfeng lu (6RS3N4HB99)";
				"CODE_SIGN_IDENTITY[sdk=iphoneos*]" = "iPhone Developer: jianfeng lu (6RS3N4HB99)";
				COPY_PHASE_STRIP = YES;
				ENABLE_NS_ASSERTIONS = NO;
				"FRAMEWORK_SEARCH_PATHS[arch=*]" = "/Users/Jflu/Projects/iOS-OpenCV";
				GCC_C_LANGUAGE_STANDARD = gnu99;
				GCC_WARN_64_TO_32_BIT_CONVERSION = YES;
				GCC_WARN_ABOUT_RETURN_TYPE = YES_ERROR;
				GCC_WARN_UNDECLARED_SELECTOR = YES;
				GCC_WARN_UNINITIALIZED_AUTOS = YES;
				GCC_WARN_UNUSED_FUNCTION = YES;
				GCC_WARN_UNUSED_VARIABLE = YES;
				IPHONEOS_DEPLOYMENT_TARGET = 9.0;
				SDKROOT = iphoneos;
				TARGETED_DEVICE_FAMILY = "1,2";
				VALIDATE_PRODUCT = YES;
			};
			name = Release;
		};
		24276685184869F900B2E158 /* Debug */ = {
			isa = XCBuildConfiguration;
			buildSettings = {
				ARCHS = "$(ARCHS_STANDARD)";
				ASSETCATALOG_COMPILER_APPICON_NAME = AppIcon;
				ASSETCATALOG_COMPILER_LAUNCHIMAGE_NAME = LaunchImage;
				CODE_SIGN_IDENTITY = "iPhone Developer";
				"CODE_SIGN_IDENTITY[sdk=iphoneos*]" = "iPhone Distribution";
				CODE_SIGN_STYLE = Manual;
				DEVELOPMENT_TEAM = YPHLALAPT8;
				ENABLE_BITCODE = NO;
				FRAMEWORK_SEARCH_PATHS = (
					"$(inherited)",
					"/Users/jflu/Projects/iOS-OpenCV",
					"$(PROJECT_DIR)",
					"$(PROJECT_DIR)/NewProject",
				);
				GCC_INPUT_FILETYPE = sourcecode.cpp.objcpp;
				GCC_PRECOMPILE_PREFIX_HEADER = YES;
				GCC_PREFIX_HEADER = "NewProject/imgword-Prefix.pch";
				INFOPLIST_FILE = "NewProject/imgword-Info.plist";
				IPHONEOS_DEPLOYMENT_TARGET = 8.1;
				LIBRARY_SEARCH_PATHS = (
					"$(inherited)",
					./ZBarSDK,
				);
				MACOSX_DEPLOYMENT_TARGET = 10.13;
				PRODUCT_BUNDLE_IDENTIFIER = com.hdu.c;
				PRODUCT_NAME = imgword;
				PROVISIONING_PROFILE = "1aff18f4-9eb0-4239-8c6d-cf514e1a88fb";
				PROVISIONING_PROFILE_SPECIFIER = 11;
				SDKROOT = iphoneos10.3;
				TARGETED_DEVICE_FAMILY = 1;
				WRAPPER_EXTENSION = app;
			};
			name = Debug;
		};
		24276686184869F900B2E158 /* Release */ = {
			isa = XCBuildConfiguration;
			buildSettings = {
				ARCHS = "$(ARCHS_STANDARD)";
				ASSETCATALOG_COMPILER_APPICON_NAME = AppIcon;
				ASSETCATALOG_COMPILER_LAUNCHIMAGE_NAME = LaunchImage;
				CODE_SIGN_IDENTITY = "iPhone Developer";
				"CODE_SIGN_IDENTITY[sdk=iphoneos*]" = "iPhone Distribution";
				CODE_SIGN_STYLE = Manual;
				DEVELOPMENT_TEAM = YPHLALAPT8;
				ENABLE_BITCODE = NO;
				FRAMEWORK_SEARCH_PATHS = (
					"$(inherited)",
					"/Users/jflu/Projects/iOS-OpenCV",
					"$(PROJECT_DIR)",
					"$(PROJECT_DIR)/NewProject",
				);
				GCC_INPUT_FILETYPE = sourcecode.cpp.objcpp;
				GCC_PRECOMPILE_PREFIX_HEADER = YES;
				GCC_PREFIX_HEADER = "NewProject/imgword-Prefix.pch";
				INFOPLIST_FILE = "NewProject/imgword-Info.plist";
				IPHONEOS_DEPLOYMENT_TARGET = 8.1;
				LIBRARY_SEARCH_PATHS = (
					"$(inherited)",
					./ZBarSDK,
				);
				MACOSX_DEPLOYMENT_TARGET = 10.13;
				ONLY_ACTIVE_ARCH = NO;
				PRODUCT_BUNDLE_IDENTIFIER = com.hdu.c;
				PRODUCT_NAME = imgword;
				PROVISIONING_PROFILE = "1aff18f4-9eb0-4239-8c6d-cf514e1a88fb";
				PROVISIONING_PROFILE_SPECIFIER = 11;
				SDKROOT = iphoneos10.3;
				TARGETED_DEVICE_FAMILY = 1;
				WRAPPER_EXTENSION = app;
			};
			name = Release;
		};
		24276688184869F900B2E158 /* Debug */ = {
			isa = XCBuildConfiguration;
			buildSettings = {
				ARCHS = "$(ARCHS_STANDARD_INCLUDING_64_BIT)";
				BUNDLE_LOADER = "$(TEST_HOST)";
				"CODE_SIGN_IDENTITY[sdk=iphoneos*]" = "iPhone Developer";
				DEVELOPMENT_TEAM = YPHLALAPT8;
				FRAMEWORK_SEARCH_PATHS = (
					"$(SDKROOT)/Developer/Library/Frameworks",
					"$(inherited)",
					"$(DEVELOPER_FRAMEWORKS_DIR)",
				);
				GCC_PRECOMPILE_PREFIX_HEADER = YES;
				GCC_PREFIX_HEADER = "NewProject/NewProject-Prefix.pch";
				GCC_PREPROCESSOR_DEFINITIONS = (
					"DEBUG=1",
					"$(inherited)",
				);
				INFOPLIST_FILE = "NewProjectTests/NewProjectTests-Info.plist";
				PRODUCT_NAME = imgwordTests;
				TEST_HOST = "$(BUILT_PRODUCTS_DIR)/imgword.app/imgword";
				WRAPPER_EXTENSION = xctest;
			};
			name = Debug;
		};
		24276689184869F900B2E158 /* Release */ = {
			isa = XCBuildConfiguration;
			buildSettings = {
				ARCHS = "$(ARCHS_STANDARD_INCLUDING_64_BIT)";
				BUNDLE_LOADER = "$(TEST_HOST)";
				"CODE_SIGN_IDENTITY[sdk=iphoneos*]" = "iPhone Developer";
				DEVELOPMENT_TEAM = YPHLALAPT8;
				FRAMEWORK_SEARCH_PATHS = (
					"$(SDKROOT)/Developer/Library/Frameworks",
					"$(inherited)",
					"$(DEVELOPER_FRAMEWORKS_DIR)",
				);
				GCC_PRECOMPILE_PREFIX_HEADER = YES;
				GCC_PREFIX_HEADER = "NewProject/NewProject-Prefix.pch";
				INFOPLIST_FILE = "NewProjectTests/NewProjectTests-Info.plist";
				PRODUCT_NAME = imgwordTests;
				TEST_HOST = "$(BUILT_PRODUCTS_DIR)/imgword.app/imgword";
				WRAPPER_EXTENSION = xctest;
			};
			name = Release;
		};
/* End XCBuildConfiguration section */

/* Begin XCConfigurationList section */
		24276653184869F900B2E158 /* Build configuration list for PBXProject "imgword" */ = {
			isa = XCConfigurationList;
			buildConfigurations = (
				24276682184869F900B2E158 /* Debug */,
				24276683184869F900B2E158 /* Release */,
			);
			defaultConfigurationIsVisible = 0;
			defaultConfigurationName = Release;
		};
		24276684184869F900B2E158 /* Build configuration list for PBXNativeTarget "imgword" */ = {
			isa = XCConfigurationList;
			buildConfigurations = (
				24276685184869F900B2E158 /* Debug */,
				24276686184869F900B2E158 /* Release */,
			);
			defaultConfigurationIsVisible = 0;
			defaultConfigurationName = Release;
		};
		24276687184869F900B2E158 /* Build configuration list for PBXNativeTarget "imgwordTests" */ = {
			isa = XCConfigurationList;
			buildConfigurations = (
				24276688184869F900B2E158 /* Debug */,
				24276689184869F900B2E158 /* Release */,
			);
			defaultConfigurationIsVisible = 0;
			defaultConfigurationName = Release;
		};
/* End XCConfigurationList section */
	};
	rootObject = 24276650184869F900B2E158 /* Project object */;
}
